<?xml version="1.0" encoding="utf-8"?>
<Project ToolsVersion="4.0" xmlns="http://schemas.microsoft.com/developer/msbuild/2003">
  <ItemGroup>
    <Filter Include="Core">
      <UniqueIdentifier>{e67d61ca-fe6b-412d-bc15-bb471e9047e5}</UniqueIdentifier>
    </Filter>
    <Filter Include="lua">
      <UniqueIdentifier>{5b6b233f-8337-44bf-bcca-0caad127aa61}</UniqueIdentifier>
    </Filter>
    <Filter Include="resource">
      <UniqueIdentifier>{67DA6AB6-F800-4c08-8B7A-83BB121AAD01}</UniqueIdentifier>
      <Extensions>rc;ico;cur;bmp;dlg;rc2;rct;bin;rgs;gif;jpg;jpeg;jpe;resx;tiff;tif;png;wav</Extensions>
    </Filter>
    <Filter Include="Main">
      <UniqueIdentifier>{06db2bf4-f649-4a9b-9c5f-d04391e0a18b}</UniqueIdentifier>
    </Filter>
    <Filter Include="shader">
      <UniqueIdentifier>{89c8f082-ffa7-4fbc-b0c1-4541c525ff4b}</UniqueIdentifier>
    </Filter>
  </ItemGroup>
  <ItemGroup>
    <ClInclude Include="..\Core\LayoutDefinitions.h">
      <Filter>Core</Filter>
    </ClInclude>
    <ClInclude Include="..\Core\stdafx.h">
      <Filter>Core</Filter>
    </ClInclude>
    <ClInclude Include="..\Core\targetver.h">
      <Filter>Core</Filter>
    </ClInclude>
    <ClInclude Include="..\Core\TBuffer.h">
      <Filter>Core</Filter>
    </ClInclude>
    <ClInclude Include="..\Core\TInputLayout.h">
      <Filter>Core</Filter>
    </ClInclude>
    <ClInclude Include="..\Core\TRender.h">
      <Filter>Core</Filter>
    </ClInclude>
    <ClInclude Include="..\Core\TRenderTarget.h">
      <Filter>Core</Filter>
    </ClInclude>
    <ClInclude Include="..\Core\TResource.h">
      <Filter>Core</Filter>
    </ClInclude>
    <ClInclude Include="..\Core\TShader.h">
      <Filter>Core</Filter>
    </ClInclude>
    <ClInclude Include="..\Core\TTexture.h">
      <Filter>Core</Filter>
    </ClInclude>
    <ClInclude Include="..\Core\TViewPort.h">
      <Filter>Core</Filter>
    </ClInclude>
    <ClInclude Include="..\lua-5.2.3\lapi.h">
      <Filter>lua</Filter>
    </ClInclude>
    <ClInclude Include="..\lua-5.2.3\lauxlib.h">
      <Filter>lua</Filter>
    </ClInclude>
    <ClInclude Include="..\lua-5.2.3\lcode.h">
      <Filter>lua</Filter>
    </ClInclude>
    <ClInclude Include="..\lua-5.2.3\lctype.h">
      <Filter>lua</Filter>
    </ClInclude>
    <ClInclude Include="..\lua-5.2.3\ldebug.h">
      <Filter>lua</Filter>
    </ClInclude>
    <ClInclude Include="..\lua-5.2.3\ldo.h">
      <Filter>lua</Filter>
    </ClInclude>
    <ClInclude Include="..\lua-5.2.3\lfunc.h">
      <Filter>lua</Filter>
    </ClInclude>
    <ClInclude Include="..\lua-5.2.3\lgc.h">
      <Filter>lua</Filter>
    </ClInclude>
    <ClInclude Include="..\lua-5.2.3\llex.h">
      <Filter>lua</Filter>
    </ClInclude>
    <ClInclude Include="..\lua-5.2.3\llimits.h">
      <Filter>lua</Filter>
    </ClInclude>
    <ClInclude Include="..\lua-5.2.3\lmem.h">
      <Filter>lua</Filter>
    </ClInclude>
    <ClInclude Include="..\lua-5.2.3\lobject.h">
      <Filter>lua</Filter>
    </ClInclude>
    <ClInclude Include="..\lua-5.2.3\lopcodes.h">
      <Filter>lua</Filter>
    </ClInclude>
    <ClInclude Include="..\lua-5.2.3\lparser.h">
      <Filter>lua</Filter>
    </ClInclude>
    <ClInclude Include="..\lua-5.2.3\lstate.h">
      <Filter>lua</Filter>
    </ClInclude>
    <ClInclude Include="..\lua-5.2.3\lstring.h">
      <Filter>lua</Filter>
    </ClInclude>
    <ClInclude Include="..\lua-5.2.3\ltable.h">
      <Filter>lua</Filter>
    </ClInclude>
    <ClInclude Include="..\lua-5.2.3\ltm.h">
      <Filter>lua</Filter>
    </ClInclude>
    <ClInclude Include="..\lua-5.2.3\lua.h">
      <Filter>lua</Filter>
    </ClInclude>
    <ClInclude Include="..\lua-5.2.3\lua.hpp">
      <Filter>lua</Filter>
    </ClInclude>
    <ClInclude Include="..\lua-5.2.3\luaconf.h">
      <Filter>lua</Filter>
    </ClInclude>
    <ClInclude Include="..\lua-5.2.3\lualib.h">
      <Filter>lua</Filter>
    </ClInclude>
    <ClInclude Include="..\lua-5.2.3\lundump.h">
      <Filter>lua</Filter>
    </ClInclude>
    <ClInclude Include="..\lua-5.2.3\lvm.h">
      <Filter>lua</Filter>
    </ClInclude>
    <ClInclude Include="..\lua-5.2.3\lzio.h">
      <Filter>lua</Filter>
    </ClInclude>
    <ClInclude Include="Resource.h">
      <Filter>resource</Filter>
    </ClInclude>
    <ClInclude Include="..\Core\TRenderConfig.h">
      <Filter>Core</Filter>
    </ClInclude>
    <ClInclude Include="..\Core\TD3DDevice.h">
      <Filter>Core</Filter>
    </ClInclude>
    <ClInclude Include="..\Core\TD3DWindow.h">
      <Filter>Core</Filter>
    </ClInclude>
    <ClInclude Include="..\Core\TEffectShader.h">
      <Filter>Core</Filter>
    </ClInclude>
    <ClInclude Include="..\Core\RenderData.h">
      <Filter>Core</Filter>
    </ClInclude>
    <ClInclude Include="..\Core\IShader.h">
      <Filter>Core</Filter>
    </ClInclude>
    <ClInclude Include="..\Core\TCamera.h">
      <Filter>Core</Filter>
    </ClInclude>
  </ItemGroup>
  <ItemGroup>
    <None Include="small.ico">
      <Filter>resource</Filter>
    </None>
    <None Include="render.ico">
      <Filter>resource</Filter>
    </None>
    <None Include="..\Resource\shaders\BoxShaderFramework.hlsl">
      <Filter>shader</Filter>
    </None>
    <None Include="..\Resource\shaders\PrimitiveEffectFramework.hlsl">
      <Filter>shader</Filter>
    </None>
    <None Include="..\Resource\shaders\primitivepsshader.hlsl">
      <Filter>shader</Filter>
    </None>
    <None Include="..\Resource\shaders\primitivevsshader.hlsl">
      <Filter>shader</Filter>
    </None>
    <None Include="..\Resource\shaders\TexturePSShader.hlsl">
      <Filter>shader</Filter>
    </None>
  </ItemGroup>
  <ItemGroup>
    <ClCompile Include="..\Core\LayoutDefinitions.cpp">
      <Filter>Core</Filter>
    </ClCompile>
    <ClCompile Include="..\Core\stdafx.cpp">
      <Filter>Core</Filter>
    </ClCompile>
    <ClCompile Include="..\Core\TBuffer.cpp">
      <Filter>Core</Filter>
    </ClCompile>
    <ClCompile Include="..\Core\TInputLayout.cpp">
      <Filter>Core</Filter>
    </ClCompile>
    <ClCompile Include="..\Core\TRender.cpp">
      <Filter>Core</Filter>
    </ClCompile>
    <ClCompile Include="..\Core\TRenderTarget.cpp">
      <Filter>Core</Filter>
    </ClCompile>
    <ClCompile Include="..\Core\TResource.cpp">
      <Filter>Core</Filter>
    </ClCompile>
    <ClCompile Include="..\Core\TShader.cpp">
      <Filter>Core</Filter>
    </ClCompile>
    <ClCompile Include="..\Core\TTexture.cpp">
      <Filter>Core</Filter>
    </ClCompile>
    <ClCompile Include="..\Core\TViewPort.cpp">
      <Filter>Core</Filter>
    </ClCompile>
    <ClCompile Include="..\lua-5.2.3\lapi.c">
      <Filter>lua</Filter>
    </ClCompile>
    <ClCompile Include="..\lua-5.2.3\lauxlib.c">
      <Filter>lua</Filter>
    </ClCompile>
    <ClCompile Include="..\lua-5.2.3\lbaselib.c">
      <Filter>lua</Filter>
    </ClCompile>
    <ClCompile Include="..\lua-5.2.3\lbitlib.c">
      <Filter>lua</Filter>
    </ClCompile>
    <ClCompile Include="..\lua-5.2.3\lcode.c">
      <Filter>lua</Filter>
    </ClCompile>
    <ClCompile Include="..\lua-5.2.3\lcorolib.c">
      <Filter>lua</Filter>
    </ClCompile>
    <ClCompile Include="..\lua-5.2.3\lctype.c">
      <Filter>lua</Filter>
    </ClCompile>
    <ClCompile Include="..\lua-5.2.3\ldblib.c">
      <Filter>lua</Filter>
    </ClCompile>
    <ClCompile Include="..\lua-5.2.3\ldebug.c">
      <Filter>lua</Filter>
    </ClCompile>
    <ClCompile Include="..\lua-5.2.3\ldo.c">
      <Filter>lua</Filter>
    </ClCompile>
    <ClCompile Include="..\lua-5.2.3\ldump.c">
      <Filter>lua</Filter>
    </ClCompile>
    <ClCompile Include="..\lua-5.2.3\lfunc.c">
      <Filter>lua</Filter>
    </ClCompile>
    <ClCompile Include="..\lua-5.2.3\lgc.c">
      <Filter>lua</Filter>
    </ClCompile>
    <ClCompile Include="..\lua-5.2.3\linit.c">
      <Filter>lua</Filter>
    </ClCompile>
    <ClCompile Include="..\lua-5.2.3\liolib.c">
      <Filter>lua</Filter>
    </ClCompile>
    <ClCompile Include="..\lua-5.2.3\llex.c">
      <Filter>lua</Filter>
    </ClCompile>
    <ClCompile Include="..\lua-5.2.3\lmathlib.c">
      <Filter>lua</Filter>
    </ClCompile>
    <ClCompile Include="..\lua-5.2.3\lmem.c">
      <Filter>lua</Filter>
    </ClCompile>
    <ClCompile Include="..\lua-5.2.3\loadlib.c">
      <Filter>lua</Filter>
    </ClCompile>
    <ClCompile Include="..\lua-5.2.3\lobject.c">
      <Filter>lua</Filter>
    </ClCompile>
    <ClCompile Include="..\lua-5.2.3\lopcodes.c">
      <Filter>lua</Filter>
    </ClCompile>
    <ClCompile Include="..\lua-5.2.3\loslib.c">
      <Filter>lua</Filter>
    </ClCompile>
    <ClCompile Include="..\lua-5.2.3\lparser.c">
      <Filter>lua</Filter>
    </ClCompile>
    <ClCompile Include="..\lua-5.2.3\lstate.c">
      <Filter>lua</Filter>
    </ClCompile>
    <ClCompile Include="..\lua-5.2.3\lstring.c">
      <Filter>lua</Filter>
    </ClCompile>
    <ClCompile Include="..\lua-5.2.3\lstrlib.c">
      <Filter>lua</Filter>
    </ClCompile>
    <ClCompile Include="..\lua-5.2.3\ltable.c">
      <Filter>lua</Filter>
    </ClCompile>
    <ClCompile Include="..\lua-5.2.3\ltablib.c">
      <Filter>lua</Filter>
    </ClCompile>
    <ClCompile Include="..\lua-5.2.3\ltm.c">
      <Filter>lua</Filter>
    </ClCompile>
    <ClCompile Include="..\lua-5.2.3\lua.c">
      <Filter>lua</Filter>
    </ClCompile>
    <ClCompile Include="..\lua-5.2.3\lundump.c">
      <Filter>lua</Filter>
    </ClCompile>
    <ClCompile Include="..\lua-5.2.3\lvm.c">
      <Filter>lua</Filter>
    </ClCompile>
    <ClCompile Include="..\lua-5.2.3\lzio.c">
      <Filter>lua</Filter>
    </ClCompile>
    <ClCompile Include="..\Core\TRenderConfig.cpp">
      <Filter>Core</Filter>
    </ClCompile>
    <ClCompile Include="..\Main\Main.cpp">
      <Filter>Main</Filter>
    </ClCompile>
    <ClCompile Include="..\Core\TD3DDevice.cpp">
      <Filter>Core</Filter>
    </ClCompile>
    <ClCompile Include="..\Core\TD3DWindow.cpp">
      <Filter>Core</Filter>
    </ClCompile>
    <ClCompile Include="..\Core\TEffectShader.cpp">
      <Filter>Core</Filter>
    </ClCompile>
    <ClCompile Include="..\Core\RenderData.cpp">
      <Filter>Core</Filter>
    </ClCompile>
    <ClCompile Include="..\Core\IShader.cpp">
      <Filter>Core</Filter>
    </ClCompile>
    <ClCompile Include="..\Core\TCamera.cpp">
      <Filter>Core</Filter>
    </ClCompile>
  </ItemGroup>
  <ItemGroup>
    <ResourceCompile Include="render.rc">
      <Filter>resource</Filter>
    </ResourceCompile>
  </ItemGroup>
</Project>