<?xml version="1.0" encoding="utf-8"?>
<Project ToolsVersion="4.0" xmlns="http://schemas.microsoft.com/developer/msbuild/2003">
  <ItemGroup>
    <Filter Include="Core">
      <UniqueIdentifier>{e67d61ca-fe6b-412d-bc15-bb471e9047e5}</UniqueIdentifier>
    </Filter>
    <Filter Include="resource">
      <UniqueIdentifier>{67DA6AB6-F800-4c08-8B7A-83BB121AAD01}</UniqueIdentifier>
      <Extensions>rc;ico;cur;bmp;dlg;rc2;rct;bin;rgs;gif;jpg;jpeg;jpe;resx;tiff;tif;png;wav</Extensions>
    </Filter>
    <Filter Include="Main">
      <UniqueIdentifier>{06db2bf4-f649-4a9b-9c5f-d04391e0a18b}</UniqueIdentifier>
    </Filter>
    <Filter Include="shader">
      <UniqueIdentifier>{89c8f082-ffa7-4fbc-b0c1-4541c525ff4b}</UniqueIdentifier>
    </Filter>
    <Filter Include="Math">
      <UniqueIdentifier>{cd2ddc5b-6791-4f44-b93f-49c88a52cf65}</UniqueIdentifier>
    </Filter>
    <Filter Include="Window">
      <UniqueIdentifier>{615ac097-d264-4bd9-81ab-ccdba2a650d4}</UniqueIdentifier>
    </Filter>
    <Filter Include="Lua">
      <UniqueIdentifier>{5b6b233f-8337-44bf-bcca-0caad127aa61}</UniqueIdentifier>
    </Filter>
  </ItemGroup>
  <ItemGroup>
    <ClInclude Include="..\Core\stdafx.h">
      <Filter>Core</Filter>
    </ClInclude>
    <ClInclude Include="..\Core\targetver.h">
      <Filter>Core</Filter>
    </ClInclude>
    <ClInclude Include="..\Core\TBuffer.h">
      <Filter>Core</Filter>
    </ClInclude>
    <ClInclude Include="..\Core\TRender.h">
      <Filter>Core</Filter>
    </ClInclude>
    <ClInclude Include="..\Core\TRenderTarget.h">
      <Filter>Core</Filter>
    </ClInclude>
    <ClInclude Include="..\Core\TResource.h">
      <Filter>Core</Filter>
    </ClInclude>
    <ClInclude Include="..\Core\TShader.h">
      <Filter>Core</Filter>
    </ClInclude>
    <ClInclude Include="..\Core\TTexture.h">
      <Filter>Core</Filter>
    </ClInclude>
    <ClInclude Include="..\Core\TViewPort.h">
      <Filter>Core</Filter>
    </ClInclude>
    <ClInclude Include="Resource.h">
      <Filter>resource</Filter>
    </ClInclude>
    <ClInclude Include="..\Core\TRenderConfig.h">
      <Filter>Core</Filter>
    </ClInclude>
    <ClInclude Include="..\Core\TD3DDevice.h">
      <Filter>Core</Filter>
    </ClInclude>
    <ClInclude Include="..\Core\TEffectShader.h">
      <Filter>Core</Filter>
    </ClInclude>
    <ClInclude Include="..\Core\RenderData.h">
      <Filter>Core</Filter>
    </ClInclude>
    <ClInclude Include="..\Core\IShader.h">
      <Filter>Core</Filter>
    </ClInclude>
    <ClInclude Include="..\Core\TCamera.h">
      <Filter>Core</Filter>
    </ClInclude>
    <ClInclude Include="..\Core\TColor.h">
      <Filter>Core</Filter>
    </ClInclude>
    <ClInclude Include="..\Core\TMatrix.h">
      <Filter>Core</Filter>
    </ClInclude>
    <ClInclude Include="..\Lua\lapi.h">
      <Filter>Lua</Filter>
    </ClInclude>
    <ClInclude Include="..\Lua\lauxlib.h">
      <Filter>Lua</Filter>
    </ClInclude>
    <ClInclude Include="..\Lua\lcode.h">
      <Filter>Lua</Filter>
    </ClInclude>
    <ClInclude Include="..\Lua\lctype.h">
      <Filter>Lua</Filter>
    </ClInclude>
    <ClInclude Include="..\Lua\ldebug.h">
      <Filter>Lua</Filter>
    </ClInclude>
    <ClInclude Include="..\Lua\ldo.h">
      <Filter>Lua</Filter>
    </ClInclude>
    <ClInclude Include="..\Lua\lfunc.h">
      <Filter>Lua</Filter>
    </ClInclude>
    <ClInclude Include="..\Lua\lgc.h">
      <Filter>Lua</Filter>
    </ClInclude>
    <ClInclude Include="..\Lua\llex.h">
      <Filter>Lua</Filter>
    </ClInclude>
    <ClInclude Include="..\Lua\llimits.h">
      <Filter>Lua</Filter>
    </ClInclude>
    <ClInclude Include="..\Lua\lmem.h">
      <Filter>Lua</Filter>
    </ClInclude>
    <ClInclude Include="..\Lua\lobject.h">
      <Filter>Lua</Filter>
    </ClInclude>
    <ClInclude Include="..\Lua\lopcodes.h">
      <Filter>Lua</Filter>
    </ClInclude>
    <ClInclude Include="..\Lua\lparser.h">
      <Filter>Lua</Filter>
    </ClInclude>
    <ClInclude Include="..\Lua\lstate.h">
      <Filter>Lua</Filter>
    </ClInclude>
    <ClInclude Include="..\Lua\lstring.h">
      <Filter>Lua</Filter>
    </ClInclude>
    <ClInclude Include="..\Lua\ltable.h">
      <Filter>Lua</Filter>
    </ClInclude>
    <ClInclude Include="..\Lua\ltm.h">
      <Filter>Lua</Filter>
    </ClInclude>
    <ClInclude Include="..\Lua\lua.h">
      <Filter>Lua</Filter>
    </ClInclude>
    <ClInclude Include="..\Lua\lua.hpp">
      <Filter>Lua</Filter>
    </ClInclude>
    <ClInclude Include="..\Lua\luaconf.h">
      <Filter>Lua</Filter>
    </ClInclude>
    <ClInclude Include="..\Lua\lualib.h">
      <Filter>Lua</Filter>
    </ClInclude>
    <ClInclude Include="..\Lua\lundump.h">
      <Filter>Lua</Filter>
    </ClInclude>
    <ClInclude Include="..\Lua\lvm.h">
      <Filter>Lua</Filter>
    </ClInclude>
    <ClInclude Include="..\Lua\lzio.h">
      <Filter>Lua</Filter>
    </ClInclude>
    <ClInclude Include="..\window\TD3DWindow.h">
      <Filter>Window</Filter>
    </ClInclude>
    <ClInclude Include="..\Core\MathCore.h">
      <Filter>Core</Filter>
    </ClInclude>
    <ClInclude Include="..\Core\Definitions.h">
      <Filter>Core</Filter>
    </ClInclude>
    <ClInclude Include="..\Core\TConstantBuffer.h">
      <Filter>Core</Filter>
    </ClInclude>
    <ClInclude Include="..\Core\RenderUtils.h">
      <Filter>Core</Filter>
    </ClInclude>
  </ItemGroup>
  <ItemGroup>
    <None Include="small.ico">
      <Filter>resource</Filter>
    </None>
    <None Include="render.ico">
      <Filter>resource</Filter>
    </None>
    <None Include="..\Resource\shaders\BoxShaderFramework.hlsl">
      <Filter>shader</Filter>
    </None>
    <None Include="..\Resource\shaders\PrimitiveEffectFramework.hlsl">
      <Filter>shader</Filter>
    </None>
    <None Include="..\Resource\shaders\primitivepsshader.hlsl">
      <Filter>shader</Filter>
    </None>
    <None Include="..\Resource\shaders\primitivevsshader.hlsl">
      <Filter>shader</Filter>
    </None>
    <None Include="..\Resource\shaders\TexturePSShader.hlsl">
      <Filter>shader</Filter>
    </None>
    <None Include="..\Resource\shaders\BoxShader.hlsl">
      <Filter>shader</Filter>
    </None>
    <None Include="..\Resource\shaders\MainShader.hlsl">
      <Filter>shader</Filter>
    </None>
  </ItemGroup>
  <ItemGroup>
    <ClCompile Include="..\Core\stdafx.cpp">
      <Filter>Core</Filter>
    </ClCompile>
    <ClCompile Include="..\Core\TBuffer.cpp">
      <Filter>Core</Filter>
    </ClCompile>
    <ClCompile Include="..\Core\TRender.cpp">
      <Filter>Core</Filter>
    </ClCompile>
    <ClCompile Include="..\Core\TRenderTarget.cpp">
      <Filter>Core</Filter>
    </ClCompile>
    <ClCompile Include="..\Core\TResource.cpp">
      <Filter>Core</Filter>
    </ClCompile>
    <ClCompile Include="..\Core\TShader.cpp">
      <Filter>Core</Filter>
    </ClCompile>
    <ClCompile Include="..\Core\TTexture.cpp">
      <Filter>Core</Filter>
    </ClCompile>
    <ClCompile Include="..\Core\TViewPort.cpp">
      <Filter>Core</Filter>
    </ClCompile>
    <ClCompile Include="..\Core\TRenderConfig.cpp">
      <Filter>Core</Filter>
    </ClCompile>
    <ClCompile Include="..\Core\TD3DDevice.cpp">
      <Filter>Core</Filter>
    </ClCompile>
    <ClCompile Include="..\Core\TEffectShader.cpp">
      <Filter>Core</Filter>
    </ClCompile>
    <ClCompile Include="..\Core\RenderData.cpp">
      <Filter>Core</Filter>
    </ClCompile>
    <ClCompile Include="..\Core\IShader.cpp">
      <Filter>Core</Filter>
    </ClCompile>
    <ClCompile Include="..\Core\TCamera.cpp">
      <Filter>Core</Filter>
    </ClCompile>
    <ClCompile Include="..\Main\Entry.cpp">
      <Filter>Main</Filter>
    </ClCompile>
    <ClCompile Include="..\Lua\lapi.c">
      <Filter>Lua</Filter>
    </ClCompile>
    <ClCompile Include="..\Lua\lauxlib.c">
      <Filter>Lua</Filter>
    </ClCompile>
    <ClCompile Include="..\Lua\lbaselib.c">
      <Filter>Lua</Filter>
    </ClCompile>
    <ClCompile Include="..\Lua\lbitlib.c">
      <Filter>Lua</Filter>
    </ClCompile>
    <ClCompile Include="..\Lua\lcode.c">
      <Filter>Lua</Filter>
    </ClCompile>
    <ClCompile Include="..\Lua\lcorolib.c">
      <Filter>Lua</Filter>
    </ClCompile>
    <ClCompile Include="..\Lua\lctype.c">
      <Filter>Lua</Filter>
    </ClCompile>
    <ClCompile Include="..\Lua\ldblib.c">
      <Filter>Lua</Filter>
    </ClCompile>
    <ClCompile Include="..\Lua\ldebug.c">
      <Filter>Lua</Filter>
    </ClCompile>
    <ClCompile Include="..\Lua\ldo.c">
      <Filter>Lua</Filter>
    </ClCompile>
    <ClCompile Include="..\Lua\ldump.c">
      <Filter>Lua</Filter>
    </ClCompile>
    <ClCompile Include="..\Lua\lfunc.c">
      <Filter>Lua</Filter>
    </ClCompile>
    <ClCompile Include="..\Lua\lgc.c">
      <Filter>Lua</Filter>
    </ClCompile>
    <ClCompile Include="..\Lua\linit.c">
      <Filter>Lua</Filter>
    </ClCompile>
    <ClCompile Include="..\Lua\liolib.c">
      <Filter>Lua</Filter>
    </ClCompile>
    <ClCompile Include="..\Lua\llex.c">
      <Filter>Lua</Filter>
    </ClCompile>
    <ClCompile Include="..\Lua\lmathlib.c">
      <Filter>Lua</Filter>
    </ClCompile>
    <ClCompile Include="..\Lua\lmem.c">
      <Filter>Lua</Filter>
    </ClCompile>
    <ClCompile Include="..\Lua\loadlib.c">
      <Filter>Lua</Filter>
    </ClCompile>
    <ClCompile Include="..\Lua\lobject.c">
      <Filter>Lua</Filter>
    </ClCompile>
    <ClCompile Include="..\Lua\lopcodes.c">
      <Filter>Lua</Filter>
    </ClCompile>
    <ClCompile Include="..\Lua\loslib.c">
      <Filter>Lua</Filter>
    </ClCompile>
    <ClCompile Include="..\Lua\lparser.c">
      <Filter>Lua</Filter>
    </ClCompile>
    <ClCompile Include="..\Lua\lstate.c">
      <Filter>Lua</Filter>
    </ClCompile>
    <ClCompile Include="..\Lua\lstring.c">
      <Filter>Lua</Filter>
    </ClCompile>
    <ClCompile Include="..\Lua\lstrlib.c">
      <Filter>Lua</Filter>
    </ClCompile>
    <ClCompile Include="..\Lua\ltable.c">
      <Filter>Lua</Filter>
    </ClCompile>
    <ClCompile Include="..\Lua\ltablib.c">
      <Filter>Lua</Filter>
    </ClCompile>
    <ClCompile Include="..\Lua\ltm.c">
      <Filter>Lua</Filter>
    </ClCompile>
    <ClCompile Include="..\Lua\lua.c">
      <Filter>Lua</Filter>
    </ClCompile>
    <ClCompile Include="..\Lua\lundump.c">
      <Filter>Lua</Filter>
    </ClCompile>
    <ClCompile Include="..\Lua\lvm.c">
      <Filter>Lua</Filter>
    </ClCompile>
    <ClCompile Include="..\Lua\lzio.c">
      <Filter>Lua</Filter>
    </ClCompile>
    <ClCompile Include="..\window\TD3DWindow.cpp">
      <Filter>Window</Filter>
    </ClCompile>
    <ClCompile Include="..\Core\Definitions.cpp">
      <Filter>Core</Filter>
    </ClCompile>
    <ClCompile Include="..\Core\TConstantBuffer.cpp">
      <Filter>Core</Filter>
    </ClCompile>
    <ClCompile Include="..\Core\RenderUtils.cpp">
      <Filter>Core</Filter>
    </ClCompile>
  </ItemGroup>
  <ItemGroup>
    <ResourceCompile Include="render.rc">
      <Filter>resource</Filter>
    </ResourceCompile>
  </ItemGroup>
</Project>